
Microsoft Visual Studio Solution File, Format Version 12.00
# Visual Studio Version 17
VisualStudioVersion = 17.4.33103.184
MinimumVisualStudioVersion = 10.0.40219.1
Project("{FAE04EC0-301F-11D3-BF4B-00C04F79EFBC}") = "apibasics", "apibasics\apibasics.csproj", "{7B03BD28-2111-4AF2-B31D-714354398D7D}"
EndProject
Global
	GlobalSection(SolutionConfigurationPlatforms) = preSolution
		Debug|Any CPU = Debug|Any CPU
		Release|Any CPU = Release|Any CPU
	EndGlobalSection
	GlobalSection(ProjectConfigurationPlatforms) = postSolution
		{7B03BD28-2111-4AF2-B31D-714354398D7D}.Debug|Any CPU.ActiveCfg = Debug|Any CPU
		{7B03BD28-2111-4AF2-B31D-714354398D7D}.Debug|Any CPU.Build.0 = Debug|Any CPU
		{7B03BD28-2111-4AF2-B31D-714354398D7D}.Release|Any CPU.ActiveCfg = Release|Any CPU
		{7B03BD28-2111-4AF2-B31D-714354398D7D}.Release|Any CPU.Build.0 = Release|Any CPU
	EndGlobalSection
	GlobalSection(SolutionProperties) = preSolution
		HideSolutionNode = FALSE
	EndGlobalSection
	GlobalSection(ExtensibilityGlobals) = postSolution
		SolutionGuid = {D56BD61C-407E-43B9-BDF7-60D8D33BD990}
	EndGlobalSection
EndGlobal
