
Microsoft Visual Studio Solution File, Format Version 12.00
# Visual Studio Version 17
VisualStudioVersion = 17.4.33103.184
MinimumVisualStudioVersion = 10.0.40219.1
Project("{FAE04EC0-301F-11D3-BF4B-00C04F79EFBC}") = "OfferingsApi", "OfferingsApi\OfferingsApi.csproj", "{E8017EF5-6680-4BCD-A485-09DCFA6693DA}"
EndProject
Global
	GlobalSection(SolutionConfigurationPlatforms) = preSolution
		Debug|Any CPU = Debug|Any CPU
		Release|Any CPU = Release|Any CPU
	EndGlobalSection
	GlobalSection(ProjectConfigurationPlatforms) = postSolution
		{E8017EF5-6680-4BCD-A485-09DCFA6693DA}.Debug|Any CPU.ActiveCfg = Debug|Any CPU
		{E8017EF5-6680-4BCD-A485-09DCFA6693DA}.Debug|Any CPU.Build.0 = Debug|Any CPU
		{E8017EF5-6680-4BCD-A485-09DCFA6693DA}.Release|Any CPU.ActiveCfg = Release|Any CPU
		{E8017EF5-6680-4BCD-A485-09DCFA6693DA}.Release|Any CPU.Build.0 = Release|Any CPU
	EndGlobalSection
	GlobalSection(SolutionProperties) = preSolution
		HideSolutionNode = FALSE
	EndGlobalSection
	GlobalSection(ExtensibilityGlobals) = postSolution
		SolutionGuid = {3EEEA91A-8478-4E70-8345-4CD81D374D16}
	EndGlobalSection
EndGlobal
